
Microsoft Visual Studio Solution File, Format Version 12.00
# Visual Studio 2013
VisualStudioVersion = 12.0.40629.0
MinimumVisualStudioVersion = 10.0.40219.1
Project("{FAE04EC0-301F-11D3-BF4B-00C04F79EFBC}") = "IndianNewsCrawler", "IndianNewsCrawler\IndianNewsCrawler.csproj", "{3373D1C8-1BF8-4C70-B884-F3A2DBEBE4F5}"
EndProject
Project("{FAE04EC0-301F-11D3-BF4B-00C04F79EFBC}") = "CrawlerContracts", "CrawlerContracts\CrawlerContracts.csproj", "{7D774DBB-2B95-4DE2-A0F0-4BAE5C71CE4A}"
EndProject
Project("{FAE04EC0-301F-11D3-BF4B-00C04F79EFBC}") = "NewsServiceLibrary", "NewsServiceLibrary\NewsServiceLibrary.csproj", "{C6652589-8B67-4304-87F4-626229745A8C}"
EndProject
Project("{FAE04EC0-301F-11D3-BF4B-00C04F79EFBC}") = "NewsService", "NewsService\NewsService.csproj", "{91259A43-5D0B-4E6A-888D-B337A9D0F19F}"
EndProject
Global
	GlobalSection(SolutionConfigurationPlatforms) = preSolution
		Debug|Any CPU = Debug|Any CPU
		Release|Any CPU = Release|Any CPU
	EndGlobalSection
	GlobalSection(ProjectConfigurationPlatforms) = postSolution
		{3373D1C8-1BF8-4C70-B884-F3A2DBEBE4F5}.Debug|Any CPU.ActiveCfg = Debug|Any CPU
		{3373D1C8-1BF8-4C70-B884-F3A2DBEBE4F5}.Debug|Any CPU.Build.0 = Debug|Any CPU
		{3373D1C8-1BF8-4C70-B884-F3A2DBEBE4F5}.Release|Any CPU.ActiveCfg = Release|Any CPU
		{3373D1C8-1BF8-4C70-B884-F3A2DBEBE4F5}.Release|Any CPU.Build.0 = Release|Any CPU
		{7D774DBB-2B95-4DE2-A0F0-4BAE5C71CE4A}.Debug|Any CPU.ActiveCfg = Debug|Any CPU
		{7D774DBB-2B95-4DE2-A0F0-4BAE5C71CE4A}.Debug|Any CPU.Build.0 = Debug|Any CPU
		{7D774DBB-2B95-4DE2-A0F0-4BAE5C71CE4A}.Release|Any CPU.ActiveCfg = Release|Any CPU
		{7D774DBB-2B95-4DE2-A0F0-4BAE5C71CE4A}.Release|Any CPU.Build.0 = Release|Any CPU
		{C6652589-8B67-4304-87F4-626229745A8C}.Debug|Any CPU.ActiveCfg = Debug|Any CPU
		{C6652589-8B67-4304-87F4-626229745A8C}.Debug|Any CPU.Build.0 = Debug|Any CPU
		{C6652589-8B67-4304-87F4-626229745A8C}.Release|Any CPU.ActiveCfg = Release|Any CPU
		{C6652589-8B67-4304-87F4-626229745A8C}.Release|Any CPU.Build.0 = Release|Any CPU
		{91259A43-5D0B-4E6A-888D-B337A9D0F19F}.Debug|Any CPU.ActiveCfg = Debug|Any CPU
		{91259A43-5D0B-4E6A-888D-B337A9D0F19F}.Debug|Any CPU.Build.0 = Debug|Any CPU
		{91259A43-5D0B-4E6A-888D-B337A9D0F19F}.Release|Any CPU.ActiveCfg = Release|Any CPU
		{91259A43-5D0B-4E6A-888D-B337A9D0F19F}.Release|Any CPU.Build.0 = Release|Any CPU
	EndGlobalSection
	GlobalSection(SolutionProperties) = preSolution
		HideSolutionNode = FALSE
	EndGlobalSection
EndGlobal
